{
  "name": "ckg-cli",
  "version": "0.0.1",
  "lockfileVersion": 3,
  "requires": true,
  "packages": {
    "": {
      "name": "ckg-cli",
      "version": "0.0.1",
      "dependencies": {
        "@zazuko/env-node": "^1.0.0",
        "rdf-validate-shacl": "^0.5.1"
      },
      "bin": {
        "ckg": "ckg.js"
      },
      "devDependencies": {
        "@types/rdf-validate-shacl": "^0.4.5"
      }
    },
    "node_modules/@bergos/jsonparse": {
      "version": "1.4.1",
      "resolved": "https://registry.npmjs.org/@bergos/jsonparse/-/jsonparse-1.4.1.tgz",
      "integrity": "sha512-vXIT0nzZGX/+yMD5bx2VhTzc92H55tPoehh1BW/FZHOndWGFddrH3MAfdx39FRc7irABirW6EQaGxIJYV6CGuA==",
      "engines": [
        "node >= 0.2.0"
      ],
      "dependencies": {
        "buffer": "^6.0.3"
      }
    },
    "node_modules/@rdfjs/data-model": {
      "version": "2.0.1",
      "resolved": "https://registry.npmjs.org/@rdfjs/data-model/-/data-model-2.0.1.tgz",
      "integrity": "sha512-oRDYpy7/fJ9NNjS+M7m+dbnhi4lOWYGbBiM/A+u9bBExnN6ifXUF5mUsFxwZaQulmwTDaMhKERdV6iKTBUMgtw==",
      "bin": {
        "rdfjs-data-model-test": "bin/test.js"
      }
    },
    "node_modules/@rdfjs/dataset": {
      "version": "2.0.1",
      "resolved": "https://registry.npmjs.org/@rdfjs/dataset/-/dataset-2.0.1.tgz",
      "integrity": "sha512-hDIaXpUmU/ZdofX/BMFDAchkhN/AjmP5dMCOuVL2VCqWuFjeQxd2KV84E4+7S2Biw8tjEFhPBeQZP7KW+ARV7Q==",
      "bin": {
        "rdfjs-dataset-test": "bin/test.js"
      }
    },
    "node_modules/@rdfjs/environment": {
      "version": "0.1.2",
      "resolved": "https://registry.npmjs.org/@rdfjs/environment/-/environment-0.1.2.tgz",
      "integrity": "sha512-R4N73kaoaOt3XvgLy2Cb98bJUgMJv/wRsUPGDxeogbtalkENPmo3X5to/rKQEwOjnj+jw+ILzN2webUHb8pvEw==",
      "dependencies": {
        "@rdfjs/data-model": "^2.0.1",
        "@rdfjs/dataset": "^2.0.1",
        "@rdfjs/fetch-lite": "^3.2.1",
        "@rdfjs/namespace": "^2.0.0",
        "@rdfjs/sink-map": "^2.0.0",
        "@rdfjs/term-map": "^2.0.0",
        "@rdfjs/term-set": "^2.0.1"
      }
    },
    "node_modules/@rdfjs/fetch-lite": {
      "version": "3.2.1",
      "resolved": "https://registry.npmjs.org/@rdfjs/fetch-lite/-/fetch-lite-3.2.1.tgz",
      "integrity": "sha512-cnCuSkEpMGsSbkd3+bIKheCKTDE4iBSGG6l/Inp0qg4y5WMLtcffKtSUzWhq09cAajm0dWs+5W3EGPNBqF5A4w==",
      "dependencies": {
        "is-stream": "^3.0.0",
        "nodeify-fetch": "^3.1.0",
        "readable-stream": "^4.2.0"
      }
    },
    "node_modules/@rdfjs/formats-common": {
      "version": "3.1.0",
      "resolved": "https://registry.npmjs.org/@rdfjs/formats-common/-/formats-common-3.1.0.tgz",
      "integrity": "sha512-wgz5za/Uls+pttLdLl/aH0m0LQNgjqpWwk9exNs2Smmb2CosynRo4S0+CxeNOVZh4zeUm7oAlr1CK/tyg4Ff6g==",
      "dependencies": {
        "@rdfjs/parser-jsonld": "^2.0.0",
        "@rdfjs/parser-n3": "^2.0.0",
        "@rdfjs/serializer-jsonld": "^2.0.0",
        "@rdfjs/serializer-ntriples": "^2.0.0",
        "@rdfjs/sink-map": "^2.0.0",
        "rdfxml-streaming-parser": "^2.2.0"
      }
    },
    "node_modules/@rdfjs/namespace": {
      "version": "2.0.0",
      "resolved": "https://registry.npmjs.org/@rdfjs/namespace/-/namespace-2.0.0.tgz",
      "integrity": "sha512-cBBvNrlSOah4z7u2vS74Lxng/ivELy6tNPjx+G/Ag14up8z5xmX8njn+U/mJ+nlcXO7nDGK4rgaAq7jtl9S3CQ==",
      "dependencies": {
        "@rdfjs/data-model": "^2.0.0"
      }
    },
    "node_modules/@rdfjs/parser-jsonld": {
      "version": "2.1.0",
      "resolved": "https://registry.npmjs.org/@rdfjs/parser-jsonld/-/parser-jsonld-2.1.0.tgz",
      "integrity": "sha512-RdulIDLGFNJljM28IDjdeEtMnY7QGlOGvAZebSNM6FhGfp1FsRYvr+5yQRKrpSHHfM97vKyHOyKis1MT8f3IfQ==",
      "dependencies": {
        "@rdfjs/data-model": "^2.0.1",
        "@rdfjs/sink": "^2.0.0",
        "duplex-to": "^2.0.0",
        "jsonld-streaming-parser": "^3.0.0",
        "readable-stream": "^4.2.0"
      }
    },
    "node_modules/@rdfjs/parser-n3": {
      "version": "2.0.1",
      "resolved": "https://registry.npmjs.org/@rdfjs/parser-n3/-/parser-n3-2.0.1.tgz",
      "integrity": "sha512-D9ZHQwtuKG7aF3nGcOijXWkaR//lpck0UB3AL+4P7OELY1idjmVjQjhreQxY5ll8cbPp2slavPvFfUWYSDtEwA==",
      "dependencies": {
        "@rdfjs/data-model": "^2.0.1",
        "@rdfjs/sink": "^2.0.0",
        "duplex-to": "^2.0.0",
        "n3": "^1.16.2",
        "readable-stream": "^4.2.0"
      }
    },
    "node_modules/@rdfjs/serializer-jsonld": {
      "version": "2.0.0",
      "resolved": "https://registry.npmjs.org/@rdfjs/serializer-jsonld/-/serializer-jsonld-2.0.0.tgz",
      "integrity": "sha512-JGk17iT5QW1FpTI8SBruXIcYQFuuUwqurByNndWTE4k0zrNzvwrfOtsd6lIMthlubWVTfBAhV7mHDSwtMHdHQg==",
      "dependencies": {
        "@rdfjs/sink": "^2.0.0",
        "readable-stream": "^4.2.0"
      }
    },
    "node_modules/@rdfjs/serializer-ntriples": {
      "version": "2.0.0",
      "resolved": "https://registry.npmjs.org/@rdfjs/serializer-ntriples/-/serializer-ntriples-2.0.0.tgz",
      "integrity": "sha512-ODVUNR1kkVBCgBtOIkEvzUBs97u+EtCEi6r55kkigrrC2ud1FQ80+vczDdBBsemjijnfK1CwOAXG0DKRLztwZA==",
      "dependencies": {
        "@rdfjs/to-ntriples": "^2.0.0",
        "duplex-to": "^2.0.0",
        "readable-stream": "^4.2.0"
      }
    },
    "node_modules/@rdfjs/sink": {
      "version": "2.0.0",
      "resolved": "https://registry.npmjs.org/@rdfjs/sink/-/sink-2.0.0.tgz",
      "integrity": "sha512-EDM6BjdVZdTHa6L3XWnXCDDu7h2tD/UAczc8WSG+Aw3m9yYkUUHypExNhlkA67sNRORC9Q/9hyHkAZBOVNRI6A=="
    },
    "node_modules/@rdfjs/sink-map": {
      "version": "2.0.0",
      "resolved": "https://registry.npmjs.org/@rdfjs/sink-map/-/sink-map-2.0.0.tgz",
      "integrity": "sha512-5Ahs1Ky6fglsqewpo89K7CFxD4EvFvAHdI/E5HJTu0L4tCUlvnZsmyKem4iYPDWdwsKplmUdORonUz75qPgd1g=="
    },
    "node_modules/@rdfjs/term-map": {
      "version": "2.0.0",
      "resolved": "https://registry.npmjs.org/@rdfjs/term-map/-/term-map-2.0.0.tgz",
      "integrity": "sha512-z0K8AgLsJGTrh+dGkXNl/oT9vBdMei4xq1MIeGN360oimA81Q+ruQUKFCbYNRRZS03tVHPBzqXUal/DezFGPEA==",
      "dependencies": {
        "@rdfjs/to-ntriples": "^2.0.0"
      }
    },
    "node_modules/@rdfjs/term-set": {
      "version": "2.0.1",
      "resolved": "https://registry.npmjs.org/@rdfjs/term-set/-/term-set-2.0.1.tgz",
      "integrity": "sha512-ZD8IwSY7tPpevs2iaQEsesAu8c7TO4GKHQHObbehUE4odKa9BuhuimdNuYwBoyVprTtHARaW6VW+0Jsu7ehD+Q==",
      "dependencies": {
        "@rdfjs/to-ntriples": "^2.0.0"
      }
    },
    "node_modules/@rdfjs/to-ntriples": {
      "version": "2.0.0",
      "resolved": "https://registry.npmjs.org/@rdfjs/to-ntriples/-/to-ntriples-2.0.0.tgz",
      "integrity": "sha512-nDhpfhx6W6HKsy4HjyLp3H1nbrX1CiUCWhWQwKcYZX1s9GOjcoQTwY7GUUbVec0hzdJDQBR6gnjxtENBDt482Q=="
    },
    "node_modules/@rdfjs/traverser": {
      "version": "0.1.2",
      "resolved": "https://registry.npmjs.org/@rdfjs/traverser/-/traverser-0.1.2.tgz",
      "integrity": "sha512-EBB/p9LrTMzupZ6VlxtBXyL0bdXFY7e5lAp2tHNwxOoe3kcR6hOJFVWdPT7pdWaSotyXbTIEQxG4PkXMw/OY7w==",
      "dependencies": {
        "@rdfjs/to-ntriples": "^2.0.0"
      }
    },
    "node_modules/@rdfjs/types": {
      "version": "1.1.0",
      "resolved": "https://registry.npmjs.org/@rdfjs/types/-/types-1.1.0.tgz",
      "integrity": "sha512-5zm8bN2/CC634dTcn/0AhTRLaQRjXDZs3QfcAsQKNturHT7XVWcKy/8p3P5gXl+YkZTAmy7T5M/LyiT/jbkENw==",
      "dependencies": {
        "@types/node": "*"
      }
    },
    "node_modules/@rubensworks/saxes": {
      "version": "6.0.1",
      "resolved": "https://registry.npmjs.org/@rubensworks/saxes/-/saxes-6.0.1.tgz",
      "integrity": "sha512-UW4OTIsOtJ5KSXo2Tchi4lhZqu+tlHrOAs4nNti7CrtB53kAZl3/hyrTi6HkMihxdbDM6m2Zc3swc/ZewEe1xw==",
      "dependencies": {
        "xmlchars": "^2.2.0"
      },
      "engines": {
        "node": ">=v12.22.12"
      }
    },
    "node_modules/@tpluscode/rdf-ns-builders": {
      "version": "4.2.0",
      "resolved": "https://registry.npmjs.org/@tpluscode/rdf-ns-builders/-/rdf-ns-builders-4.2.0.tgz",
      "integrity": "sha512-vSl+/38M3GKUV2mJ5HXfCxLUkoI3baRrBgLZnCKQPQUsptxzQGRxxIKFVHIIC3Dv+VA6V21/XLPl5Hik+nyRQQ==",
      "dependencies": {
        "@rdfjs/data-model": "^2",
        "@rdfjs/namespace": "^2",
        "@rdfjs/types": "*",
        "@types/rdfjs__namespace": "^2.0.2",
        "@zazuko/prefixes": "^2.0.1"
      }
    },
    "node_modules/@types/clownface": {
      "version": "2.0.3",
      "resolved": "https://registry.npmjs.org/@types/clownface/-/clownface-2.0.3.tgz",
      "integrity": "sha512-QTgH8F01lV29LSNvM6KVVdZVWaDcQ47JEZeeKp3ksRpoE5fOayXnt+3Yp+kdU4H/cpSM1KmKY6UiXVjUqYXwRg==",
      "dependencies": {
        "rdf-js": "^4.0.2"
      }
    },
    "node_modules/@types/http-link-header": {
      "version": "1.0.4",
      "resolved": "https://registry.npmjs.org/@types/http-link-header/-/http-link-header-1.0.4.tgz",
      "integrity": "sha512-UeasLdPPSfmX45RH6h1lo932WfQUTuc1adQCpPioqRRVBM25dWwIPDBhM0CjWbdflmvr8vIzQg48yk1JzylhXg==",
      "dependencies": {
        "@types/node": "*"
      }
    },
    "node_modules/@types/jsonld": {
      "version": "1.5.11",
      "resolved": "https://registry.npmjs.org/@types/jsonld/-/jsonld-1.5.11.tgz",
      "integrity": "sha512-/B5yjthc6MEJMR4+TUtaj5LgE3bByVSNIXvPcUxiecj5F7GZKQJS5oery5rbOni7T9QBpjDF0RufCcVVlCe4hw==",
      "peer": true
    },
    "node_modules/@types/node": {
      "version": "20.8.9",
      "resolved": "https://registry.npmjs.org/@types/node/-/node-20.8.9.tgz",
      "integrity": "sha512-UzykFsT3FhHb1h7yD4CA4YhBHq545JC0YnEz41xkipN88eKQtL6rSgocL5tbAP6Ola9Izm/Aw4Ora8He4x0BHg==",
      "dependencies": {
        "undici-types": "~5.26.4"
      }
    },
    "node_modules/@types/rdf-dataset-ext": {
      "version": "1.0.6",
      "resolved": "https://registry.npmjs.org/@types/rdf-dataset-ext/-/rdf-dataset-ext-1.0.6.tgz",
      "integrity": "sha512-gSKGOXk4z4AQcK+dnb4SUbtXC1sLbYraOueqJ2luHvA//sSC4IfeyjVH9/rXi3tnfyEtNA037WSR8Og4ROfAlA==",
      "peer": true,
      "dependencies": {
        "@types/readable-stream": "*",
        "rdf-js": "^4.0.2"
      }
    },
    "node_modules/@types/rdf-validate-shacl": {
      "version": "0.4.5",
      "resolved": "https://registry.npmjs.org/@types/rdf-validate-shacl/-/rdf-validate-shacl-0.4.5.tgz",
      "integrity": "sha512-FZJofxrEP4Ak4nR16RzfcLpmmVMFoc4rXAsapm1s9Rn45bxPikcm+UGjGyoGRSGheSb0HoZAWDSF+00tZwXhEg==",
      "dev": true,
      "dependencies": {
        "@rdfjs/types": "*",
        "@types/clownface": "*",
        "@types/node": "*"
      }
    },
    "node_modules/@types/rdfjs__data-model": {
      "version": "2.0.6",
      "resolved": "https://registry.npmjs.org/@types/rdfjs__data-model/-/rdfjs__data-model-2.0.6.tgz",
      "integrity": "sha512-Xcz25z9AapM1YZ/RWM9hbSTGKC6l8CkYTaE3ZXObCxa1y5j++jhvQUfECjgA/0ikSMpD6dRSLMG0m5PYN+kfNQ==",
      "peer": true,
      "dependencies": {
        "@rdfjs/types": "^1.0.1"
      }
    },
    "node_modules/@types/rdfjs__dataset": {
      "version": "2.0.6",
      "resolved": "https://registry.npmjs.org/@types/rdfjs__dataset/-/rdfjs__dataset-2.0.6.tgz",
      "integrity": "sha512-dkMgQMDb1V/uiNYt/uG+/56xMqEHZyBdInod/oTpUrb9xJ2Q2vHuQKQNphCYHEMm9+ELtZAePKDX1ZeB0/vWrg==",
      "peer": true,
      "dependencies": {
        "@rdfjs/types": "*"
      }
    },
    "node_modules/@types/rdfjs__environment": {
      "version": "0.1.9",
      "resolved": "https://registry.npmjs.org/@types/rdfjs__environment/-/rdfjs__environment-0.1.9.tgz",
      "integrity": "sha512-u7NUsgI2r0X06JXY8lMqcvEpgjVv1eL8lh//CGRsN6ovgA5RKYiTjedU80No21vPU/LEQ3wB8fJ5diMPy+IDDw==",
      "peer": true,
      "dependencies": {
        "@rdfjs/types": "*",
        "@types/node": "*",
        "@types/rdfjs__data-model": "*",
        "@types/rdfjs__dataset": "*",
        "@types/rdfjs__namespace": "*",
        "@types/rdfjs__sink-map": "*",
        "@types/rdfjs__term-map": "*",
        "@types/rdfjs__term-set": "*"
      }
    },
    "node_modules/@types/rdfjs__formats-common": {
      "version": "3.1.3",
      "resolved": "https://registry.npmjs.org/@types/rdfjs__formats-common/-/rdfjs__formats-common-3.1.3.tgz",
      "integrity": "sha512-l2/d2u4TCTEPKx/9bLL0XonRRsmDBBs+RKohpKYQfyMl3D9SMSAcW3b9sJYuSSuEvnZM3e+Dn7l/8Zu1QV3AoQ==",
      "peer": true,
      "dependencies": {
        "@types/node": "*",
        "@types/rdfjs__parser-jsonld": "*",
        "@types/rdfjs__parser-n3": "*",
        "@types/rdfjs__serializer-jsonld": "*",
        "@types/rdfjs__serializer-ntriples": "*",
        "@types/rdfjs__sink-map": "*",
        "rdf-js": "^4.0.2",
        "rdfxml-streaming-parser": ">=2"
      }
    },
    "node_modules/@types/rdfjs__namespace": {
      "version": "2.0.8",
      "resolved": "https://registry.npmjs.org/@types/rdfjs__namespace/-/rdfjs__namespace-2.0.8.tgz",
      "integrity": "sha512-py5L7+crlnuhd86DSxkw8jDAIHLf5YNfSXiLM5fe0aleleoP9X/L15Zrbz9k2Yr3ODY+lhboOLVGyyhfH43/Sw==",
      "dependencies": {
        "@rdfjs/types": "*"
      }
    },
    "node_modules/@types/rdfjs__parser-jsonld": {
      "version": "2.1.4",
      "resolved": "https://registry.npmjs.org/@types/rdfjs__parser-jsonld/-/rdfjs__parser-jsonld-2.1.4.tgz",
      "integrity": "sha512-McJLtE7LnZGfplcsnpVqvKRg7YGNMZCFF/hKV8kwrBcRrizgPvuzMza3pMXfqMncO7+aKHkT3IvVn+WQFOadRQ==",
      "peer": true,
      "dependencies": {
        "@types/jsonld": "*",
        "rdf-js": "^4.0.2"
      }
    },
    "node_modules/@types/rdfjs__parser-n3": {
      "version": "2.0.4",
      "resolved": "https://registry.npmjs.org/@types/rdfjs__parser-n3/-/rdfjs__parser-n3-2.0.4.tgz",
      "integrity": "sha512-zPibW5DTIYzM6kfQM3XeCASzGfQK+VIMJ0JYHVAwE6K04ILNQGGx1Ng3DF0r3nE/7Vhm44OtnCLsRo8wwsY+PA==",
      "peer": true,
      "dependencies": {
        "rdf-js": "^4.0.2"
      }
    },
    "node_modules/@types/rdfjs__serializer-jsonld": {
      "version": "2.0.3",
      "resolved": "https://registry.npmjs.org/@types/rdfjs__serializer-jsonld/-/rdfjs__serializer-jsonld-2.0.3.tgz",
      "integrity": "sha512-KUKIlvNrEJYVfD7yRiywg1sPYyvBruVvvSHeFqQOUijPZ+Ox54lGnTPariy7jg3V/cTBEx4s8Sro8LCjV+i2Rg==",
      "peer": true,
      "dependencies": {
        "rdf-js": "^4.0.2"
      }
    },
    "node_modules/@types/rdfjs__serializer-ntriples": {
      "version": "2.0.4",
      "resolved": "https://registry.npmjs.org/@types/rdfjs__serializer-ntriples/-/rdfjs__serializer-ntriples-2.0.4.tgz",
      "integrity": "sha512-wLMAhE0eB3FmaHHShsFWyIl9ZGVJWVmSHjSHTmMmvtswg5BxNs2Sx0ElejMiay8OsXhaGwV96RS1mx8uTLc8gw==",
      "peer": true,
      "dependencies": {
        "rdf-js": "^4.0.2"
      }
    },
    "node_modules/@types/rdfjs__sink-map": {
      "version": "2.0.4",
      "resolved": "https://registry.npmjs.org/@types/rdfjs__sink-map/-/rdfjs__sink-map-2.0.4.tgz",
      "integrity": "sha512-B0y6Hu02VvceUW7dkRLW6+acCXBQPt+yIha234ogHOe9FnDLz2U9SDZwvh+9YECbqmEEY/NA2d5y8vNtAhtt7w==",
      "peer": true,
      "dependencies": {
        "@rdfjs/types": "*"
      }
    },
    "node_modules/@types/rdfjs__term-map": {
      "version": "2.0.8",
      "resolved": "https://registry.npmjs.org/@types/rdfjs__term-map/-/rdfjs__term-map-2.0.8.tgz",
      "integrity": "sha512-Rk2G68b26VBZi7ecFHd/Q0ot1FT7cu7Ae6Po+4ycWRk/r4RqawsQIRpixetnl55Y66kUzwtUfddsfOWZ3mEMXg==",
      "peer": true,
      "dependencies": {
        "@rdfjs/types": "*"
      }
    },
    "node_modules/@types/rdfjs__term-set": {
      "version": "2.0.7",
      "resolved": "https://registry.npmjs.org/@types/rdfjs__term-set/-/rdfjs__term-set-2.0.7.tgz",
      "integrity": "sha512-qPADoUsOv5CgLXRtEPuH+Yjbtk2IVCw44PRKYebUmSCvsaXXmY0cQz7SeKBGVO0F+OQ3CuA263xVur/QyWDgSA==",
      "peer": true,
      "dependencies": {
        "@rdfjs/types": "*"
      }
    },
    "node_modules/@types/rdfjs__traverser": {
      "version": "0.1.4",
      "resolved": "https://registry.npmjs.org/@types/rdfjs__traverser/-/rdfjs__traverser-0.1.4.tgz",
      "integrity": "sha512-bjIl9UwA931xm8hWJWrUpodO9UCii6ypVJpULi7befJpaeOyhEkVuZVOlci+oLPX828jzcd/8E4HxSwHZIXuNA==",
      "peer": true,
      "dependencies": {
        "@rdfjs/types": "*"
      }
    },
    "node_modules/@types/readable-stream": {
      "version": "4.0.4",
      "resolved": "https://registry.npmjs.org/@types/readable-stream/-/readable-stream-4.0.4.tgz",
      "integrity": "sha512-NSAiePj3Iq3kBArfpUWRNX/mRw8DibYD6YhNCIJDfUP/iIOQYsNJgtHyjpbuZlcbL7TxILS8qYjY/nXXvtcFQg==",
      "peer": true,
      "dependencies": {
        "@types/node": "*",
        "safe-buffer": "~5.1.1"
      }
    },
    "node_modules/@vocabulary/sh": {
      "version": "1.1.2",
      "resolved": "https://registry.npmjs.org/@vocabulary/sh/-/sh-1.1.2.tgz",
      "integrity": "sha512-1hXJe79ipXJbo/ywVGdefEcHPutedK2ilZv9G6op71wTibeUlCe1ik9OvnSeyH42RfLHqDs2vLvK3zH50RZS+w=="
    },
    "node_modules/@zazuko/env": {
      "version": "1.9.0",
      "resolved": "https://registry.npmjs.org/@zazuko/env/-/env-1.9.0.tgz",
      "integrity": "sha512-2aZeNY3R7f0enBy5FY+um8rRuBsYkTxOWtAp7uKt0nw9hbF0CVsw0G1BRbrUYnZ2oWZk4STTJGZZyUQytxjZ2w==",
      "dependencies": {
        "@rdfjs/dataset": "^2.0.1",
        "@rdfjs/environment": "^0.1.2",
        "@rdfjs/traverser": "^0.1.2",
        "@tpluscode/rdf-ns-builders": "^4.1.0",
        "clownface": "^2.0.1",
        "get-stream": "^8.0.1",
        "rdf-dataset-ext": "^1.1.0"
      },
      "peerDependencies": {
        "@types/clownface": "^2.0.0",
        "@types/rdf-dataset-ext": "^1",
        "@types/rdfjs__environment": "^0.1.7",
        "@types/rdfjs__formats-common": "^3.1.0",
        "@types/rdfjs__traverser": "^0.1.3"
      }
    },
    "node_modules/@zazuko/env-node": {
      "version": "1.0.0",
      "resolved": "https://registry.npmjs.org/@zazuko/env-node/-/env-node-1.0.0.tgz",
      "integrity": "sha512-FDwIbWbyWOEw4vHd4vbyXCEpRsRXQ497V0K3swh6StO1R06cTyqW0z4vbNJsHRBkMYQLS7xfDlzWSUrHa+owsw==",
      "dependencies": {
        "@rdfjs/dataset": "^2.0.1",
        "@rdfjs/environment": "^0.1.2",
        "@rdfjs/fetch-lite": "^3.2.1",
        "@rdfjs/formats-common": "^3.1.0",
        "@rdfjs/traverser": "^0.1.2",
        "@tpluscode/rdf-ns-builders": "^4.1.0",
        "@zazuko/env": "^1.9.0",
        "@zazuko/rdf-utils-fs": "^3.0.2",
        "clownface": "^2.0.1"
      }
    },
    "node_modules/@zazuko/prefixes": {
      "version": "2.1.0",
      "resolved": "https://registry.npmjs.org/@zazuko/prefixes/-/prefixes-2.1.0.tgz",
      "integrity": "sha512-dm0/YBNzuwJUm8cXoF3Dn9DfQetnRDaOJ8NdlgLY645OaUddCzUAAYcanm+xZmEo1SWX+/Tp3jbScwCaN2b/aQ=="
    },
    "node_modules/@zazuko/rdf-utils-fs": {
      "version": "3.0.2",
      "resolved": "https://registry.npmjs.org/@zazuko/rdf-utils-fs/-/rdf-utils-fs-3.0.2.tgz",
      "integrity": "sha512-27okMMO6qlNqBScdM4r4oorZZvGirT1O7yf29pdyCEF86PkztTfLbIQt/s82nVHQXsyIpLPbkGBoSEaFi9cWfg==",
      "dependencies": {
        "readable-stream": ">=3.6.0"
      },
      "peerDependencies": {
        "@rdfjs/types": "*",
        "@types/rdfjs__environment": "^0.1.8"
      }
    },
    "node_modules/abort-controller": {
      "version": "3.0.0",
      "resolved": "https://registry.npmjs.org/abort-controller/-/abort-controller-3.0.0.tgz",
      "integrity": "sha512-h8lQ8tacZYnR3vNQTgibj+tODHI5/+l06Au2Pcriv/Gmet0eaj4TwWH41sO9wnHDiQsEj19q0drzdWdeAHtweg==",
      "dependencies": {
        "event-target-shim": "^5.0.0"
      },
      "engines": {
        "node": ">=6.5"
      }
    },
    "node_modules/base64-js": {
      "version": "1.5.1",
      "resolved": "https://registry.npmjs.org/base64-js/-/base64-js-1.5.1.tgz",
      "integrity": "sha512-AKpaYlHn8t4SVbOHCy+b5+KKgvR4vrsD8vbvrbiQJps7fKDTkjkDry6ji0rUJjC0kzbNePLwzxq8iypo41qeWA==",
      "funding": [
        {
          "type": "github",
          "url": "https://github.com/sponsors/feross"
        },
        {
          "type": "patreon",
          "url": "https://www.patreon.com/feross"
        },
        {
          "type": "consulting",
          "url": "https://feross.org/support"
        }
      ]
    },
    "node_modules/buffer": {
      "version": "6.0.3",
      "resolved": "https://registry.npmjs.org/buffer/-/buffer-6.0.3.tgz",
      "integrity": "sha512-FTiCpNxtwiZZHEZbcbTIcZjERVICn9yq/pDFkTl95/AxzD1naBctN7YO68riM/gLSDY7sdrMby8hofADYuuqOA==",
      "funding": [
        {
          "type": "github",
          "url": "https://github.com/sponsors/feross"
        },
        {
          "type": "patreon",
          "url": "https://www.patreon.com/feross"
        },
        {
          "type": "consulting",
          "url": "https://feross.org/support"
        }
      ],
      "dependencies": {
        "base64-js": "^1.3.1",
        "ieee754": "^1.2.1"
      }
    },
    "node_modules/canonicalize": {
      "version": "1.0.8",
      "resolved": "https://registry.npmjs.org/canonicalize/-/canonicalize-1.0.8.tgz",
      "integrity": "sha512-0CNTVCLZggSh7bc5VkX5WWPWO+cyZbNd07IHIsSXLia/eAq+r836hgk+8BKoEh7949Mda87VUOitx5OddVj64A=="
    },
    "node_modules/clownface": {
      "version": "2.0.1",
      "resolved": "https://registry.npmjs.org/clownface/-/clownface-2.0.1.tgz",
      "integrity": "sha512-8RVfn/LZEl7BTDhIEIamz13Bhm5YahA1qiJigMb0HYGaiKnsVV0PpLBz0kzqyAI0+IzOlYbCLMFOAc1dkQfwgQ==",
      "dependencies": {
        "@rdfjs/environment": "^0.1.2"
      }
    },
    "node_modules/cross-fetch": {
      "version": "3.1.8",
      "resolved": "https://registry.npmjs.org/cross-fetch/-/cross-fetch-3.1.8.tgz",
      "integrity": "sha512-cvA+JwZoU0Xq+h6WkMvAUqPEYy92Obet6UdKLfW60qn99ftItKjB5T+BkyWOFWe2pUyfQ+IJHmpOTznqk1M6Kg==",
      "dependencies": {
        "node-fetch": "^2.6.12"
      }
    },
    "node_modules/data-uri-to-buffer": {
      "version": "4.0.1",
      "resolved": "https://registry.npmjs.org/data-uri-to-buffer/-/data-uri-to-buffer-4.0.1.tgz",
      "integrity": "sha512-0R9ikRb668HB7QDxT1vkpuUBtqc53YyAwMwGeUFKRojY/NWKvdZ+9UYtRfGmhqNbRkTSVpMbmyhXipFFv2cb/A==",
      "engines": {
        "node": ">= 12"
      }
    },
    "node_modules/debug": {
      "version": "4.3.4",
      "resolved": "https://registry.npmjs.org/debug/-/debug-4.3.4.tgz",
      "integrity": "sha512-PRWFHuSU3eDtQJPvnNY7Jcket1j0t5OuOsFzPPzsekD52Zl8qUfFIPEiswXqIvHWGVHOgX+7G/vCNNhehwxfkQ==",
      "dependencies": {
        "ms": "2.1.2"
      },
      "engines": {
        "node": ">=6.0"
      },
      "peerDependenciesMeta": {
        "supports-color": {
          "optional": true
        }
      }
    },
    "node_modules/duplex-to": {
      "version": "2.0.0",
      "resolved": "https://registry.npmjs.org/duplex-to/-/duplex-to-2.0.0.tgz",
      "integrity": "sha512-f2nMnk11mwDptEFBTv2mcWHpF4ENAbuQ63yTiSy/99rG4Exsxsf0GJhJYq/AHF2cdMYswSx23LPuoijBflpquQ=="
    },
    "node_modules/event-target-shim": {
      "version": "5.0.1",
      "resolved": "https://registry.npmjs.org/event-target-shim/-/event-target-shim-5.0.1.tgz",
      "integrity": "sha512-i/2XbnSz/uxRCU6+NdVJgKWDTM427+MqYbkQzD321DuCQJUqOuJKIA0IM2+W2xtYHdKOmZ4dR6fExsd4SXL+WQ==",
      "engines": {
        "node": ">=6"
      }
    },
    "node_modules/events": {
      "version": "3.3.0",
      "resolved": "https://registry.npmjs.org/events/-/events-3.3.0.tgz",
      "integrity": "sha512-mQw+2fkQbALzQ7V0MY0IqdnXNOeTtP4r0lN9z7AAawCXgqea7bDii20AYrIBrFd/Hx0M2Ocz6S111CaFkUcb0Q==",
      "engines": {
        "node": ">=0.8.x"
      }
    },
    "node_modules/fetch-blob": {
      "version": "3.2.0",
      "resolved": "https://registry.npmjs.org/fetch-blob/-/fetch-blob-3.2.0.tgz",
      "integrity": "sha512-7yAQpD2UMJzLi1Dqv7qFYnPbaPx7ZfFK6PiIxQ4PfkGPyNyl2Ugx+a/umUonmKqjhM4DnfbMvdX6otXq83soQQ==",
      "funding": [
        {
          "type": "github",
          "url": "https://github.com/sponsors/jimmywarting"
        },
        {
          "type": "paypal",
          "url": "https://paypal.me/jimmywarting"
        }
      ],
      "dependencies": {
        "node-domexception": "^1.0.0",
        "web-streams-polyfill": "^3.0.3"
      },
      "engines": {
        "node": "^12.20 || >= 14.13"
      }
    },
    "node_modules/formdata-polyfill": {
      "version": "4.0.10",
      "resolved": "https://registry.npmjs.org/formdata-polyfill/-/formdata-polyfill-4.0.10.tgz",
      "integrity": "sha512-buewHzMvYL29jdeQTVILecSaZKnt/RJWjoZCF5OW60Z67/GmSLBkOFM7qh1PI3zFNtJbaZL5eQu1vLfazOwj4g==",
      "dependencies": {
        "fetch-blob": "^3.1.2"
      },
      "engines": {
        "node": ">=12.20.0"
      }
    },
    "node_modules/get-stream": {
      "version": "8.0.1",
      "resolved": "https://registry.npmjs.org/get-stream/-/get-stream-8.0.1.tgz",
      "integrity": "sha512-VaUJspBffn/LMCJVoMvSAdmscJyS1auj5Zulnn5UoYcY531UWmdwhRWkcGKnGU93m5HSXP9LP2usOryrBtQowA==",
      "engines": {
        "node": ">=16"
      },
      "funding": {
        "url": "https://github.com/sponsors/sindresorhus"
      }
    },
    "node_modules/http-link-header": {
      "version": "1.1.1",
      "resolved": "https://registry.npmjs.org/http-link-header/-/http-link-header-1.1.1.tgz",
      "integrity": "sha512-mW3N/rTYpCn99s1do0zx6nzFZSwLH9HGfUM4ZqLWJ16ylmYaC2v5eYGqrNTQlByx8AzUgGI+V/32gXPugs1+Sw==",
      "engines": {
        "node": ">=6.0.0"
      }
    },
    "node_modules/ieee754": {
      "version": "1.2.1",
      "resolved": "https://registry.npmjs.org/ieee754/-/ieee754-1.2.1.tgz",
      "integrity": "sha512-dcyqhDvX1C46lXZcVqCpK+FtMRQVdIMN6/Df5js2zouUsqG7I6sFxitIC+7KYK29KdXOLHdu9zL4sFnoVQnqaA==",
      "funding": [
        {
          "type": "github",
          "url": "https://github.com/sponsors/feross"
        },
        {
          "type": "patreon",
          "url": "https://www.patreon.com/feross"
        },
        {
          "type": "consulting",
          "url": "https://feross.org/support"
        }
      ]
    },
    "node_modules/is-stream": {
      "version": "3.0.0",
      "resolved": "https://registry.npmjs.org/is-stream/-/is-stream-3.0.0.tgz",
      "integrity": "sha512-LnQR4bZ9IADDRSkvpqMGvt/tEJWclzklNgSw48V5EAaAeDd6qGvN8ei6k5p0tvxSR171VmGyHuTiAOfxAbr8kA==",
      "engines": {
        "node": "^12.20.0 || ^14.13.1 || >=16.0.0"
      },
      "funding": {
        "url": "https://github.com/sponsors/sindresorhus"
      }
    },
    "node_modules/jsonld-context-parser": {
      "version": "2.3.3",
      "resolved": "https://registry.npmjs.org/jsonld-context-parser/-/jsonld-context-parser-2.3.3.tgz",
      "integrity": "sha512-H+REInOx7XI2ciF8wJV31D20Bh+ofBmEjN2Tkds51vypqDJIiD341E5g+hYyrEInIKRnbW58TN/Ehz+ACT0l0w==",
      "dependencies": {
        "@types/http-link-header": "^1.0.1",
        "@types/node": "^18.0.0",
        "canonicalize": "^1.0.1",
        "cross-fetch": "^3.0.6",
        "http-link-header": "^1.0.2",
        "relative-to-absolute-iri": "^1.0.5"
      },
      "bin": {
        "jsonld-context-parse": "bin/jsonld-context-parse.js"
      }
    },
    "node_modules/jsonld-context-parser/node_modules/@types/node": {
      "version": "18.18.7",
      "resolved": "https://registry.npmjs.org/@types/node/-/node-18.18.7.tgz",
      "integrity": "sha512-bw+lEsxis6eqJYW8Ql6+yTqkE6RuFtsQPSe5JxXbqYRFQEER5aJA9a5UH9igqDWm3X4iLHIKOHlnAXLM4mi7uQ==",
      "dependencies": {
        "undici-types": "~5.26.4"
      }
    },
    "node_modules/jsonld-streaming-parser": {
      "version": "3.2.1",
      "resolved": "https://registry.npmjs.org/jsonld-streaming-parser/-/jsonld-streaming-parser-3.2.1.tgz",
      "integrity": "sha512-MZCUrQe3pBO2pk2i3BpyW9Yn2oZoe2RCRpHZAJa88S6tRyxbe7XcjWfTKAZv35obDJDIREgot4723VhbClJELw==",
      "dependencies": {
        "@bergos/jsonparse": "^1.4.0",
        "@rdfjs/types": "*",
        "@types/http-link-header": "^1.0.1",
        "@types/readable-stream": "^2.3.13",
        "buffer": "^6.0.3",
        "canonicalize": "^1.0.1",
        "http-link-header": "^1.0.2",
        "jsonld-context-parser": "^2.3.0",
        "rdf-data-factory": "^1.1.0",
        "readable-stream": "^4.0.0"
      }
    },
    "node_modules/jsonld-streaming-parser/node_modules/@types/readable-stream": {
      "version": "2.3.15",
      "resolved": "https://registry.npmjs.org/@types/readable-stream/-/readable-stream-2.3.15.tgz",
      "integrity": "sha512-oM5JSKQCcICF1wvGgmecmHldZ48OZamtMxcGGVICOJA8o8cahXC1zEVAif8iwoc5j8etxFaRFnf095+CDsuoFQ==",
      "dependencies": {
        "@types/node": "*",
        "safe-buffer": "~5.1.1"
      }
    },
    "node_modules/lodash": {
      "version": "4.17.21",
      "resolved": "https://registry.npmjs.org/lodash/-/lodash-4.17.21.tgz",
      "integrity": "sha512-v2kDEe57lecTulaDIuNTPy3Ry4gLGJ6Z1O3vE1krgXZNrsQ+LFTGHVxVjcXPs17LhbZVGedAJv8XZ1tvj5FvSg=="
    },
    "node_modules/ms": {
      "version": "2.1.2",
      "resolved": "https://registry.npmjs.org/ms/-/ms-2.1.2.tgz",
      "integrity": "sha512-sGkPx+VjMtmA6MX27oA4FBFELFCZZ4S4XqeGOXCv68tT+jb3vk/RyaKWP0PTKyWtmLSM0b+adUTEvbs1PEaH2w=="
    },
    "node_modules/n3": {
      "version": "1.17.1",
      "resolved": "https://registry.npmjs.org/n3/-/n3-1.17.1.tgz",
      "integrity": "sha512-HlanMWpvN2kcTrFuU3GPObyY7qrVQWy2Hp7l4GSXJlcQapjQMR7OM4kCr788pTQzNIpiHS3JRvyZ2YUcYJ82rA==",
      "dependencies": {
        "queue-microtask": "^1.1.2",
        "readable-stream": "^4.0.0"
      },
      "engines": {
        "node": ">=12.0"
      }
    },
    "node_modules/node-domexception": {
      "version": "1.0.0",
      "resolved": "https://registry.npmjs.org/node-domexception/-/node-domexception-1.0.0.tgz",
      "integrity": "sha512-/jKZoMpw0F8GRwl4/eLROPA3cfcXtLApP0QzLmUT/HuPCZWyB7IY9ZrMeKw2O/nFIqPQB3PVM9aYm0F312AXDQ==",
      "funding": [
        {
          "type": "github",
          "url": "https://github.com/sponsors/jimmywarting"
        },
        {
          "type": "github",
          "url": "https://paypal.me/jimmywarting"
        }
      ],
      "engines": {
        "node": ">=10.5.0"
      }
    },
    "node_modules/node-fetch": {
      "version": "2.7.0",
      "resolved": "https://registry.npmjs.org/node-fetch/-/node-fetch-2.7.0.tgz",
      "integrity": "sha512-c4FRfUm/dbcWZ7U+1Wq0AwCyFL+3nt2bEw05wfxSz+DWpWsitgmSgYmy2dQdWyKC1694ELPqMs/YzUSNozLt8A==",
      "dependencies": {
        "whatwg-url": "^5.0.0"
      },
      "engines": {
        "node": "4.x || >=6.0.0"
      },
      "peerDependencies": {
        "encoding": "^0.1.0"
      },
      "peerDependenciesMeta": {
        "encoding": {
          "optional": true
        }
      }
    },
    "node_modules/nodeify-fetch": {
      "version": "3.1.0",
      "resolved": "https://registry.npmjs.org/nodeify-fetch/-/nodeify-fetch-3.1.0.tgz",
      "integrity": "sha512-ZV81vM//sEgTgXwVZlOONzcOCdTGQ53mV65FVSNXgPQHa8oCwRLtLbnGxL/1S/Yw90bcXUDKMz00jEnaeazo+A==",
      "dependencies": {
        "lodash": "^4.17.21",
        "node-fetch": "^3.2.10",
        "readable-stream": "^4.2.0",
        "stream-chunks": "^1.0.0"
      }
    },
    "node_modules/nodeify-fetch/node_modules/node-fetch": {
      "version": "3.3.2",
      "resolved": "https://registry.npmjs.org/node-fetch/-/node-fetch-3.3.2.tgz",
      "integrity": "sha512-dRB78srN/l6gqWulah9SrxeYnxeddIG30+GOqK/9OlLVyLg3HPnr6SqOWTWOXKRwC2eGYCkZ59NNuSgvSrpgOA==",
      "dependencies": {
        "data-uri-to-buffer": "^4.0.0",
        "fetch-blob": "^3.1.4",
        "formdata-polyfill": "^4.0.10"
      },
      "engines": {
        "node": "^12.20.0 || ^14.13.1 || >=16.0.0"
      },
      "funding": {
        "type": "opencollective",
        "url": "https://opencollective.com/node-fetch"
      }
    },
    "node_modules/process": {
      "version": "0.11.10",
      "resolved": "https://registry.npmjs.org/process/-/process-0.11.10.tgz",
      "integrity": "sha512-cdGef/drWFoydD1JsMzuFf8100nZl+GT+yacc2bEced5f9Rjk4z+WtFUTBu9PhOi9j/jfmBPu0mMEY4wIdAF8A==",
      "engines": {
        "node": ">= 0.6.0"
      }
    },
    "node_modules/queue-microtask": {
      "version": "1.2.3",
      "resolved": "https://registry.npmjs.org/queue-microtask/-/queue-microtask-1.2.3.tgz",
      "integrity": "sha512-NuaNSa6flKT5JaSYQzJok04JzTL1CA6aGhv5rfLW3PgqA+M2ChpZQnAC8h8i4ZFkBS8X5RqkDBHA7r4hej3K9A==",
      "funding": [
        {
          "type": "github",
          "url": "https://github.com/sponsors/feross"
        },
        {
          "type": "patreon",
          "url": "https://www.patreon.com/feross"
        },
        {
          "type": "consulting",
          "url": "https://feross.org/support"
        }
      ]
    },
    "node_modules/rdf-canonize": {
      "version": "3.4.0",
      "resolved": "https://registry.npmjs.org/rdf-canonize/-/rdf-canonize-3.4.0.tgz",
      "integrity": "sha512-fUeWjrkOO0t1rg7B2fdyDTvngj+9RlUyL92vOdiB7c0FPguWVsniIMjEtHH+meLBO9rzkUlUzBVXgWrjI8P9LA==",
      "dependencies": {
        "setimmediate": "^1.0.5"
      },
      "engines": {
        "node": ">=12"
      }
    },
    "node_modules/rdf-data-factory": {
      "version": "1.1.2",
      "resolved": "https://registry.npmjs.org/rdf-data-factory/-/rdf-data-factory-1.1.2.tgz",
      "integrity": "sha512-TfQD63Lokabd09ES1jAtKK8AA6rkr9rwyUBGo6olOt1CE0Um36CUQIqytyf0am2ouBPR0l7SaHxCiMcPGHkt1A==",
      "dependencies": {
        "@rdfjs/types": "*"
      }
    },
    "node_modules/rdf-dataset-ext": {
      "version": "1.1.0",
      "resolved": "https://registry.npmjs.org/rdf-dataset-ext/-/rdf-dataset-ext-1.1.0.tgz",
      "integrity": "sha512-CH85RfRKN9aSlbju8T7aM8hgCSWMBsh2eh/tGxUUtWMN+waxi6iFDt8/r4PAEmKaEA82guimZJ4ISbmJ2rvWQg==",
      "dependencies": {
        "rdf-canonize": "^3.0.0",
        "readable-stream": "3 - 4"
      }
    },
    "node_modules/rdf-js": {
      "version": "4.0.2",
      "resolved": "https://registry.npmjs.org/rdf-js/-/rdf-js-4.0.2.tgz",
      "integrity": "sha512-ApvlFa/WsQh8LpPK/6hctQwG06Z9ztQQGWVtrcrf9L6+sejHNXLPOqL+w7q3hF+iL0C4sv3AX1PUtGkLNzyZ0Q==",
      "dependencies": {
        "@rdfjs/types": "*"
      }
    },
    "node_modules/rdf-literal": {
      "version": "1.3.1",
      "resolved": "https://registry.npmjs.org/rdf-literal/-/rdf-literal-1.3.1.tgz",
      "integrity": "sha512-+o/PGOfJchyay9Rjrvi/oveRJACnt2WFO3LhEvtPlsRD1tFmwVUCMU+s33FtQprMo+z1ohFrv/yfEQ6Eym4KgQ==",
      "dependencies": {
        "@rdfjs/types": "*",
        "rdf-data-factory": "^1.1.0"
      }
    },
    "node_modules/rdf-validate-datatype": {
      "version": "0.2.0",
      "resolved": "https://registry.npmjs.org/rdf-validate-datatype/-/rdf-validate-datatype-0.2.0.tgz",
      "integrity": "sha512-Ru7OcqxkPHgMwBrqw/RXCOqJ+hPaL1foelcgdDy5eFdNonP2D6YDLkYlODaeiSo2dgCnUvrD1k/QGi3Spa82fg==",
      "dependencies": {
        "@rdfjs/term-map": "^2.0.0",
        "@tpluscode/rdf-ns-builders": "3 - 4"
      }
    },
    "node_modules/rdf-validate-shacl": {
      "version": "0.5.1",
      "resolved": "https://registry.npmjs.org/rdf-validate-shacl/-/rdf-validate-shacl-0.5.1.tgz",
      "integrity": "sha512-KpXLqfkf8BkNy4H7Yxhy+fd3BpedQpRIrPH0SoYhGBUhMR5JNNt8Va+eda1CsiA9DnnfDadXBxQVyKkuSFwhTA==",
      "dependencies": {
        "@rdfjs/environment": "^0.1.2",
        "@rdfjs/namespace": "^2.0.0",
        "@rdfjs/term-set": "^2.0.1",
        "@vocabulary/sh": "^1.0.1",
        "clownface": "^2.0.0",
        "debug": "^4.3.2",
        "rdf-literal": "^1.3.0",
        "rdf-validate-datatype": "^0.2.0"
      }
    },
    "node_modules/rdfxml-streaming-parser": {
      "version": "2.2.3",
      "resolved": "https://registry.npmjs.org/rdfxml-streaming-parser/-/rdfxml-streaming-parser-2.2.3.tgz",
      "integrity": "sha512-HoH8urnga+YQ5sDY9ufRb0wg6FvwR284sSXpZ+fJE5X5Oej6dfzkFer81uBNZzyNmzJR1TpMYMznyXEjPMLhCA==",
      "dependencies": {
        "@rdfjs/types": "*",
        "@rubensworks/saxes": "^6.0.1",
        "@types/readable-stream": "^2.3.13",
        "buffer": "^6.0.3",
        "rdf-data-factory": "^1.1.0",
        "readable-stream": "^4.0.0",
        "relative-to-absolute-iri": "^1.0.0",
        "validate-iri": "^1.0.0"
      }
    },
    "node_modules/rdfxml-streaming-parser/node_modules/@types/readable-stream": {
      "version": "2.3.15",
      "resolved": "https://registry.npmjs.org/@types/readable-stream/-/readable-stream-2.3.15.tgz",
      "integrity": "sha512-oM5JSKQCcICF1wvGgmecmHldZ48OZamtMxcGGVICOJA8o8cahXC1zEVAif8iwoc5j8etxFaRFnf095+CDsuoFQ==",
      "dependencies": {
        "@types/node": "*",
        "safe-buffer": "~5.1.1"
      }
    },
    "node_modules/readable-stream": {
      "version": "4.4.2",
      "resolved": "https://registry.npmjs.org/readable-stream/-/readable-stream-4.4.2.tgz",
      "integrity": "sha512-Lk/fICSyIhodxy1IDK2HazkeGjSmezAWX2egdtJnYhtzKEsBPJowlI6F6LPb5tqIQILrMbx22S5o3GuJavPusA==",
      "dependencies": {
        "abort-controller": "^3.0.0",
        "buffer": "^6.0.3",
        "events": "^3.3.0",
        "process": "^0.11.10",
        "string_decoder": "^1.3.0"
      },
      "engines": {
        "node": "^12.22.0 || ^14.17.0 || >=16.0.0"
      }
    },
    "node_modules/relative-to-absolute-iri": {
      "version": "1.0.7",
      "resolved": "https://registry.npmjs.org/relative-to-absolute-iri/-/relative-to-absolute-iri-1.0.7.tgz",
      "integrity": "sha512-Xjyl4HmIzg2jzK/Un2gELqbcE8Fxy85A/aLSHE6PE/3+OGsFwmKVA1vRyGaz6vLWSqLDMHA+5rjD/xbibSQN1Q=="
    },
    "node_modules/safe-buffer": {
      "version": "5.1.2",
      "resolved": "https://registry.npmjs.org/safe-buffer/-/safe-buffer-5.1.2.tgz",
      "integrity": "sha512-Gd2UZBJDkXlY7GbJxfsE8/nvKkUEU1G38c1siN6QP6a9PT9MmHB8GnpscSmMJSoF8LOIrt8ud/wPtojys4G6+g=="
    },
    "node_modules/setimmediate": {
      "version": "1.0.5",
      "resolved": "https://registry.npmjs.org/setimmediate/-/setimmediate-1.0.5.tgz",
      "integrity": "sha512-MATJdZp8sLqDl/68LfQmbP8zKPLQNV6BIZoIgrscFDQ+RsvK/BxeDQOgyxKKoh0y/8h3BqVFnCqQ/gd+reiIXA=="
    },
    "node_modules/stream-chunks": {
      "version": "1.0.0",
      "resolved": "https://registry.npmjs.org/stream-chunks/-/stream-chunks-1.0.0.tgz",
      "integrity": "sha512-/G+kinLx3pKXChtuko82taA4gZo56zFG2b2BbhmugmS0TUPBL40c5b2vjonS+gAHYK/cSKM9m0WTvAJYgDUeNw==",
      "dependencies": {
        "buffer": "^6.0.3",
        "string_decoder": "^1.3.0"
      }
    },
    "node_modules/string_decoder": {
      "version": "1.3.0",
      "resolved": "https://registry.npmjs.org/string_decoder/-/string_decoder-1.3.0.tgz",
      "integrity": "sha512-hkRX8U1WjJFd8LsDJ2yQ/wWWxaopEsABU1XfkM8A+j0+85JAGppt16cr1Whg6KIbb4okU6Mql6BOj+uup/wKeA==",
      "dependencies": {
        "safe-buffer": "~5.2.0"
      }
    },
    "node_modules/string_decoder/node_modules/safe-buffer": {
      "version": "5.2.1",
      "resolved": "https://registry.npmjs.org/safe-buffer/-/safe-buffer-5.2.1.tgz",
      "integrity": "sha512-rp3So07KcdmmKbGvgaNxQSJr7bGVSVk5S9Eq1F+ppbRo70+YeaDxkw5Dd8NPN+GD6bjnYm2VuPuCXmpuYvmCXQ==",
      "funding": [
        {
          "type": "github",
          "url": "https://github.com/sponsors/feross"
        },
        {
          "type": "patreon",
          "url": "https://www.patreon.com/feross"
        },
        {
          "type": "consulting",
          "url": "https://feross.org/support"
        }
      ]
    },
    "node_modules/tr46": {
      "version": "0.0.3",
      "resolved": "https://registry.npmjs.org/tr46/-/tr46-0.0.3.tgz",
      "integrity": "sha512-N3WMsuqV66lT30CrXNbEjx4GEwlow3v6rr4mCcv6prnfwhS01rkgyFdjPNBYd9br7LpXV1+Emh01fHnq2Gdgrw=="
    },
    "node_modules/undici-types": {
      "version": "5.26.5",
      "resolved": "https://registry.npmjs.org/undici-types/-/undici-types-5.26.5.tgz",
      "integrity": "sha512-JlCMO+ehdEIKqlFxk6IfVoAUVmgz7cU7zD/h9XZ0qzeosSHmUJVOzSQvvYSYWXkFXC+IfLKSIffhv0sVZup6pA=="
    },
    "node_modules/validate-iri": {
      "version": "1.0.1",
      "resolved": "https://registry.npmjs.org/validate-iri/-/validate-iri-1.0.1.tgz",
      "integrity": "sha512-gLXi7351CoyVVQw8XE5sgpYawRKatxE7kj/xmCxXOZS1kMdtcqC0ILIqLuVEVnAUQSL/evOGG3eQ+8VgbdnstA=="
    },
    "node_modules/web-streams-polyfill": {
      "version": "3.2.1",
      "resolved": "https://registry.npmjs.org/web-streams-polyfill/-/web-streams-polyfill-3.2.1.tgz",
      "integrity": "sha512-e0MO3wdXWKrLbL0DgGnUV7WHVuw9OUvL4hjgnPkIeEvESk74gAITi5G606JtZPp39cd8HA9VQzCIvA49LpPN5Q==",
      "engines": {
        "node": ">= 8"
      }
    },
    "node_modules/webidl-conversions": {
      "version": "3.0.1",
      "resolved": "https://registry.npmjs.org/webidl-conversions/-/webidl-conversions-3.0.1.tgz",
      "integrity": "sha512-2JAn3z8AR6rjK8Sm8orRC0h/bcl/DqL7tRPdGZ4I1CjdF+EaMLmYxBHyXuKL849eucPFhvBoxMsflfOb8kxaeQ=="
    },
    "node_modules/whatwg-url": {
      "version": "5.0.0",
      "resolved": "https://registry.npmjs.org/whatwg-url/-/whatwg-url-5.0.0.tgz",
      "integrity": "sha512-saE57nupxk6v3HY35+jzBwYa0rKSy0XR8JSxZPwgLr7ys0IBzhGviA1/TUGJLmSVqs8pb9AnvICXEuOHLprYTw==",
      "dependencies": {
        "tr46": "~0.0.3",
        "webidl-conversions": "^3.0.0"
      }
    },
    "node_modules/xmlchars": {
      "version": "2.2.0",
      "resolved": "https://registry.npmjs.org/xmlchars/-/xmlchars-2.2.0.tgz",
      "integrity": "sha512-JZnDKK8B0RCDw84FNdDAIpZK+JuJw+s7Lz8nksI7SIuU3UXJJslUthsi+uWBUYOwPFwW7W7PRLRfUKpxjtjFCw=="
    }
  }
}
